
Microsoft Visual Studio Solution File, Format Version 12.00
# Visual Studio 15
VisualStudioVersion = 15.0.28307.106
MinimumVisualStudioVersion = 10.0.40219.1
Project("{FAE04EC0-301F-11D3-BF4B-00C04F79EFBC}") = "BuzzFuzz", "BuzzFuzz\BuzzFuzz.csproj", "{D24EF740-8026-4616-96A4-E51C7AF8BA68}"
EndProject
Global
	GlobalSection(SolutionConfigurationPlatforms) = preSolution
		Debug|Any CPU = Debug|Any CPU
		Release|Any CPU = Release|Any CPU
	EndGlobalSection
	GlobalSection(ProjectConfigurationPlatforms) = postSolution
		{D24EF740-8026-4616-96A4-E51C7AF8BA68}.Debug|Any CPU.ActiveCfg = Debug|Any CPU
		{D24EF740-8026-4616-96A4-E51C7AF8BA68}.Debug|Any CPU.Build.0 = Debug|Any CPU
		{D24EF740-8026-4616-96A4-E51C7AF8BA68}.Release|Any CPU.ActiveCfg = Release|Any CPU
		{D24EF740-8026-4616-96A4-E51C7AF8BA68}.Release|Any CPU.Build.0 = Release|Any CPU
	EndGlobalSection
	GlobalSection(SolutionProperties) = preSolution
		HideSolutionNode = FALSE
	EndGlobalSection
	GlobalSection(ExtensibilityGlobals) = postSolution
		SolutionGuid = {600EC175-48EF-40EB-BFA2-648D65F59EF0}
	EndGlobalSection
EndGlobal
